
Microsoft Visual Studio Solution File, Format Version 12.00
# Visual Studio Version 17
VisualStudioVersion = 17.8.34316.72
MinimumVisualStudioVersion = 10.0.40219.1
Project("{FAE04EC0-301F-11D3-BF4B-00C04F79EFBC}") = "QAGSVA_BeadandoKliens", "QAGSVA_BeadandoKliens.csproj", "{731E6AA9-9ED6-4803-A79A-D2A6408EFB54}"
EndProject
Global
	GlobalSection(SolutionConfigurationPlatforms) = preSolution
		Debug|Any CPU = Debug|Any CPU
		Release|Any CPU = Release|Any CPU
	EndGlobalSection
	GlobalSection(ProjectConfigurationPlatforms) = postSolution
		{731E6AA9-9ED6-4803-A79A-D2A6408EFB54}.Debug|Any CPU.ActiveCfg = Debug|Any CPU
		{731E6AA9-9ED6-4803-A79A-D2A6408EFB54}.Debug|Any CPU.Build.0 = Debug|Any CPU
		{731E6AA9-9ED6-4803-A79A-D2A6408EFB54}.Release|Any CPU.ActiveCfg = Release|Any CPU
		{731E6AA9-9ED6-4803-A79A-D2A6408EFB54}.Release|Any CPU.Build.0 = Release|Any CPU
	EndGlobalSection
	GlobalSection(SolutionProperties) = preSolution
		HideSolutionNode = FALSE
	EndGlobalSection
	GlobalSection(ExtensibilityGlobals) = postSolution
		SolutionGuid = {2CB097E9-0785-4112-84B3-DEBB34CC3C77}
	EndGlobalSection
EndGlobal
